{
  "name": "frontiertower",
  "version": "1.0.0",
  "lockfileVersion": 3,
  "requires": true,
  "packages": {
    "": {
      "name": "frontiertower",
      "version": "1.0.0",
      "license": "ISC",
      "dependencies": {
        "@laserdata/laser-sdk": "^0.0.1",
        "dotenv": "^17.4.2"
      }
    },
    "node_modules/@laserdata/laser-sdk": {
      "version": "0.0.1",
      "resolved": "https://registry.npmjs.org/@laserdata/laser-sdk/-/laser-sdk-0.0.1.tgz",
      "integrity": "sha512-E9K3T+aiqz81J0dUKCqz93a3lZPtWm29sUFElUxhXFrmvD0fTMRpGPfZ0nZfosFg2rXWK9XqIHauK14QN4Z4VQ==",
      "dependencies": {
        "@msgpack/msgpack": "^3.1.3",
        "@noble/ed25519": "3.1.0",
        "@noble/hashes": "2.2.0",
        "@types/node": "22.20.1",
        "ajv": "8.20.0",
        "apache-iggy": "0.8.1-edge.3",
        "avsc": "5.7.9",
        "cborg": "^6.1.1",
        "protobufjs": "8.7.1"
      },
      "engines": {
        "node": ">=22.14.0"
      }
    },
    "node_modules/@msgpack/msgpack": {
      "version": "3.1.3",
      "resolved": "https://registry.npmjs.org/@msgpack/msgpack/-/msgpack-3.1.3.tgz",
      "integrity": "sha512-47XIizs9XZXvuJgoaJUIE2lFoID8ugvc0jzSHP+Ptfk8nTbnR8g788wv48N03Kx0UkAv559HWRQ3yzOgzlRNUA==",
      "engines": {
        "node": ">= 18"
      }
    },
    "node_modules/@noble/ed25519": {
      "version": "3.1.0",
      "resolved": "https://registry.npmjs.org/@noble/ed25519/-/ed25519-3.1.0.tgz",
      "integrity": "sha512-pfcObRY3CtvwfaG9Mt5XqZdKmAQppl37tHUeuBhDUbiwJBCVY4/A4lbMvb1xKhMDx96AqAqZpMWuBX1HulhX4g==",
      "funding": {
        "url": "https://paulmillr.com/funding/"
      }
    },
    "node_modules/@noble/hashes": {
      "version": "2.2.0",
      "resolved": "https://registry.npmjs.org/@noble/hashes/-/hashes-2.2.0.tgz",
      "integrity": "sha512-IYqDGiTXab6FniAgnSdZwgWbomxpy9FtYvLKs7wCUs2a8RkITG+DFGO1DM9cr+E3/RgADRpFjrKVaJ1z6sjtEg==",
      "engines": {
        "node": ">= 20.19.0"
      },
      "funding": {
        "url": "https://paulmillr.com/funding/"
      }
    },
    "node_modules/@swc/core-darwin-arm64": {
      "version": "1.15.47",
      "resolved": "https://registry.npmjs.org/@swc/core-darwin-arm64/-/core-darwin-arm64-1.15.47.tgz",
      "integrity": "sha512-GsoMtan3ojGGMGFbl31mmRu5ctZ56re8grGE8mO/OHJ8O+JRkzod02fe7X6ZQ8JvamA3imkEkx/h3u+vsOgPgA==",
      "cpu": [
        "arm64"
      ],
      "optional": true,
      "os": [
        "darwin"
      ],
      "engines": {
        "node": ">=10"
      }
    },
    "node_modules/@swc/core-darwin-x64": {
      "version": "1.15.47",
      "resolved": "https://registry.npmjs.org/@swc/core-darwin-x64/-/core-darwin-x64-1.15.47.tgz",
      "integrity": "sha512-leTi7Rx3KF4zcC637iqWgk9SoV8VXAD8ppQYXsep63px5A/UftOcxLN1pmr8Z1si/YvX90ompP/rHgpYkgwXWg==",
      "cpu": [
        "x64"
      ],
      "optional": true,
      "os": [
        "darwin"
      ],
      "engines": {
        "node": ">=10"
      }
    },
    "node_modules/@swc/core-linux-arm-gnueabihf": {
      "version": "1.15.47",
      "resolved": "https://registry.npmjs.org/@swc/core-linux-arm-gnueabihf/-/core-linux-arm-gnueabihf-1.15.47.tgz",
      "integrity": "sha512-hBqHuoWKKIsKmDBn9qVeWqj5GWZhtlcczVaqQmNRXsDfq+voR5CxKRfamA367QjJXtceYuliLFfEL8QsskRM2g==",
      "cpu": [
        "arm"
      ],
      "optional": true,
      "os": [
        "linux"
      ],
      "engines": {
        "node": ">=10"
      }
    },
    "node_modules/@swc/core-linux-arm64-gnu": {
      "version": "1.15.47",
      "resolved": "https://registry.npmjs.org/@swc/core-linux-arm64-gnu/-/core-linux-arm64-gnu-1.15.47.tgz",
      "integrity": "sha512-TBxvRz+B4K205TWHHZxWVxkC2RFNP/Mz3PNcECBos5PsKwxjg3QSJzdoebr0VCf0Bfh8HOPldKxAP/8XkFe9gA==",
      "cpu": [
        "arm64"
      ],
      "optional": true,
      "os": [
        "linux"
      ],
      "engines": {
        "node": ">=10"
      }
    },
    "node_modules/@swc/core-linux-arm64-musl": {
      "version": "1.15.47",
      "resolved": "https://registry.npmjs.org/@swc/core-linux-arm64-musl/-/core-linux-arm64-musl-1.15.47.tgz",
      "integrity": "sha512-3Yu3Uq/VgytqsPjTMbkPU1ExADytbdWbruJYhA584E9jrpE2Ki+R6VVPoZCeAVk1Cb7QxcRTgblw6bSa6a/R+w==",
      "cpu": [
        "arm64"
      ],
      "optional": true,
      "os": [
        "linux"
      ],
      "engines": {
        "node": ">=10"
      }
    },
    "node_modules/@swc/core-linux-x64-gnu": {
      "version": "1.15.47",
      "resolved": "https://registry.npmjs.org/@swc/core-linux-x64-gnu/-/core-linux-x64-gnu-1.15.47.tgz",
      "integrity": "sha512-TjfhjgP/jGCfFHYC3JQPhJA1HwErbIJ9JfREDc1KNkvY6P0LodCgKVIlQ5deeTbkG7ih3bF5PHJLuLpaZjdRyQ==",
      "cpu": [
        "x64"
      ],
      "optional": true,
      "os": [
        "linux"
      ],
      "engines": {
        "node": ">=10"
      }
    },
    "node_modules/@swc/core-linux-x64-musl": {
      "version": "1.15.47",
      "resolved": "https://registry.npmjs.org/@swc/core-linux-x64-musl/-/core-linux-x64-musl-1.15.47.tgz",
      "integrity": "sha512-CQpS8Ge/avfjZd0UEwG/sds83Uu32deQXcV1Jo3jD0mmvQQqtYAjpsDZXugmheeAwmt+YIuoVtVHro8LMYHqsQ==",
      "cpu": [
        "x64"
      ],
      "optional": true,
      "os": [
        "linux"
      ],
      "engines": {
        "node": ">=10"
      }
    },
    "node_modules/@swc/core-win32-arm64-msvc": {
      "version": "1.15.47",
      "resolved": "https://registry.npmjs.org/@swc/core-win32-arm64-msvc/-/core-win32-arm64-msvc-1.15.47.tgz",
      "integrity": "sha512-0W8IKHsUTYiT7G2RqtOoVWk+89yzZikIiDUb/sCK6BmQDBhN91hQSfyUtW12jhEWLzYgcfmisfsZrmZE+84U1A==",
      "cpu": [
        "arm64"
      ],
      "optional": true,
      "os": [
        "win32"
      ],
      "engines": {
        "node": ">=10"
      }
    },
    "node_modules/@swc/core-win32-ia32-msvc": {
      "version": "1.15.47",
      "resolved": "https://registry.npmjs.org/@swc/core-win32-ia32-msvc/-/core-win32-ia32-msvc-1.15.47.tgz",
      "integrity": "sha512-ZIp49d2Z4/ka2jO9otOg4hDvTdPmp86kVOgS2M5FCPI7eKKZ1W0boxWn+8XeZrfERtFGW0AlMRm4JhlJa7l3NA==",
      "cpu": [
        "ia32"
      ],
      "optional": true,
      "os": [
        "win32"
      ],
      "engines": {
        "node": ">=10"
      }
    },
    "node_modules/@swc/core-win32-x64-msvc": {
      "version": "1.15.47",
      "resolved": "https://registry.npmjs.org/@swc/core-win32-x64-msvc/-/core-win32-x64-msvc-1.15.47.tgz",
      "integrity": "sha512-2h8Iek95vnixkBRCo+H8p09+Q5ll2NgSMFrWTy0iKt7+/t+8/T5mBpiT6c0ZxSS7wcWjwZ9sGZkK70tTSYHdDw==",
      "cpu": [
        "x64"
      ],
      "optional": true,
      "os": [
        "win32"
      ],
      "engines": {
        "node": ">=10"
      }
    },
    "node_modules/@types/node": {
      "version": "22.20.1",
      "resolved": "https://registry.npmjs.org/@types/node/-/node-22.20.1.tgz",
      "integrity": "sha512-EANqOCF9QFyra+4pfxUcX9STKJpCLjMbObVzljIJomAWSnuSIEAvyzEU53GaajbXJEgdh0iEcPL+DGvpUd4k1Q==",
      "dependencies": {
        "undici-types": "~6.21.0"
      }
    },
    "node_modules/ajv": {
      "version": "8.20.0",
      "resolved": "https://registry.npmjs.org/ajv/-/ajv-8.20.0.tgz",
      "integrity": "sha512-Thbli+OlOj+iMPYFBVBfJ3OmCAnaSyNn4M1vz9T6Gka5Jt9ba/HIR56joy65tY6kx/FCF5VXNB819Y7/GUrBGA==",
      "dependencies": {
        "fast-deep-equal": "^3.1.3",
        "fast-uri": "^3.0.1",
        "json-schema-traverse": "^1.0.0",
        "require-from-string": "^2.0.2"
      },
      "funding": {
        "type": "github",
        "url": "https://github.com/sponsors/epoberezkin"
      }
    },
    "node_modules/apache-iggy": {
      "version": "0.8.1-edge.3",
      "resolved": "https://registry.npmjs.org/apache-iggy/-/apache-iggy-0.8.1-edge.3.tgz",
      "integrity": "sha512-9hLEMc1FJwsBnDbLy0xRxv73JIDMAj3/oaOFm0za7OU1o9WZD4DSTgJoKxK8evps0/jyim8RDsS0zZH6jX+BvA==",
      "dependencies": {
        "debug": "4.4.3",
        "generic-pool": "3.9.0",
        "uuidv7": "1.2.1"
      },
      "optionalDependencies": {
        "@swc/core-darwin-arm64": "^1.15.3",
        "@swc/core-darwin-x64": "^1.15.3",
        "@swc/core-linux-arm-gnueabihf": "^1.15.3",
        "@swc/core-linux-arm64-gnu": "^1.15.3",
        "@swc/core-linux-arm64-musl": "^1.15.3",
        "@swc/core-linux-x64-gnu": "^1.15.3",
        "@swc/core-linux-x64-musl": "^1.15.3",
        "@swc/core-win32-arm64-msvc": "^1.15.3",
        "@swc/core-win32-ia32-msvc": "^1.15.3",
        "@swc/core-win32-x64-msvc": "^1.15.3"
      }
    },
    "node_modules/avsc": {
      "version": "5.7.9",
      "resolved": "https://registry.npmjs.org/avsc/-/avsc-5.7.9.tgz",
      "integrity": "sha512-yOA4wFeI7ET3v32Di/sUybQ+ttP20JHSW3mxLuNGeO0uD6PPcvLrIQXSvy/rhJOWU5JrYh7U4OHplWMmtAtjMg==",
      "engines": {
        "node": ">=0.11"
      }
    },
    "node_modules/cborg": {
      "version": "6.1.1",
      "resolved": "https://registry.npmjs.org/cborg/-/cborg-6.1.1.tgz",
      "integrity": "sha512-Ci8+V1OMFtqea8EXicsATqV+3kEqCGXCicM+5MEzpKTxqy58WMzhJUjtUqAjfWpKPZ0wpG8F+u5mC8Xy/0Zevg==",
      "bin": {
        "cborg": "lib/bin.js"
      }
    },
    "node_modules/debug": {
      "version": "4.4.3",
      "resolved": "https://registry.npmjs.org/debug/-/debug-4.4.3.tgz",
      "integrity": "sha512-RGwwWnwQvkVfavKVt22FGLw+xYSdzARwm0ru6DhTVA3umU5hZc28V3kO4stgYryrTlLpuvgI9GiijltAjNbcqA==",
      "dependencies": {
        "ms": "^2.1.3"
      },
      "engines": {
        "node": ">=6.0"
      },
      "peerDependenciesMeta": {
        "supports-color": {
          "optional": true
        }
      }
    },
    "node_modules/dotenv": {
      "version": "17.4.2",
      "resolved": "https://registry.npmjs.org/dotenv/-/dotenv-17.4.2.tgz",
      "integrity": "sha512-nI4U3TottKAcAD9LLud4Cb7b2QztQMUEfHbvhTH09bqXTxnSie8WnjPALV/WMCrJZ6UV/qHJ6L03OqO3LcdYZw==",
      "engines": {
        "node": ">=12"
      },
      "funding": {
        "url": "https://dotenvx.com"
      }
    },
    "node_modules/fast-deep-equal": {
      "version": "3.1.3",
      "resolved": "https://registry.npmjs.org/fast-deep-equal/-/fast-deep-equal-3.1.3.tgz",
      "integrity": "sha512-f3qQ9oQy9j2AhBe/H9VC91wLmKBCCU/gDOnKNAYG5hswO7BLKj09Hc5HYNz9cGI++xlpDCIgDaitVs03ATR84Q=="
    },
    "node_modules/fast-uri": {
      "version": "3.1.5",
      "resolved": "https://registry.npmjs.org/fast-uri/-/fast-uri-3.1.5.tgz",
      "integrity": "sha512-gHwA1O9LDIcKunMKhObS/HimwtehO1nPUECKAu5TpKgaO19fcWEl4bliWe1jWxVFvIXztJjjQ4L8XQ1EU9f7Jw==",
      "funding": [
        {
          "type": "github",
          "url": "https://github.com/sponsors/fastify"
        },
        {
          "type": "opencollective",
          "url": "https://opencollective.com/fastify"
        }
      ]
    },
    "node_modules/generic-pool": {
      "version": "3.9.0",
      "resolved": "https://registry.npmjs.org/generic-pool/-/generic-pool-3.9.0.tgz",
      "integrity": "sha512-hymDOu5B53XvN4QT9dBmZxPX4CWhBPPLguTZ9MMFeFa/Kg0xWVfylOVNlJji/E7yTZWFd/q9GO5TxDLq156D7g==",
      "engines": {
        "node": ">= 4"
      }
    },
    "node_modules/json-schema-traverse": {
      "version": "1.0.0",
      "resolved": "https://registry.npmjs.org/json-schema-traverse/-/json-schema-traverse-1.0.0.tgz",
      "integrity": "sha512-NM8/P9n3XjXhIZn1lLhkFaACTOURQXjWhV4BA/RnOv8xvgqtqpAX9IO4mRQxSx1Rlo4tqzeqb0sOlruaOy3dug=="
    },
    "node_modules/long": {
      "version": "5.3.2",
      "resolved": "https://registry.npmjs.org/long/-/long-5.3.2.tgz",
      "integrity": "sha512-mNAgZ1GmyNhD7AuqnTG3/VQ26o760+ZYBPKjPvugO8+nLbYfX6TVpJPseBvopbdY+qpZ/lKUnmEc1LeZYS3QAA=="
    },
    "node_modules/ms": {
      "version": "2.1.3",
      "resolved": "https://registry.npmjs.org/ms/-/ms-2.1.3.tgz",
      "integrity": "sha512-6FlzubTLZG3J2a/NVCAleEhjzq5oxgHyaCU9yYXvcLsvoVaHJq/s5xXI6/XXP6tz7R9xAOtHnSO/tXtF3WRTlA=="
    },
    "node_modules/protobufjs": {
      "version": "8.7.1",
      "resolved": "https://registry.npmjs.org/protobufjs/-/protobufjs-8.7.1.tgz",
      "integrity": "sha512-agdGHrXNTv0IrYscJPDou/PlEJk1c/hBZ9o/B5NH2i/nSPtPqacNxzgwf1CebXxFMjMrZH5sqv9uQuw96aGt/A==",
      "dependencies": {
        "long": "^5.3.2"
      },
      "engines": {
        "node": ">=12.0.0"
      }
    },
    "node_modules/require-from-string": {
      "version": "2.0.2",
      "resolved": "https://registry.npmjs.org/require-from-string/-/require-from-string-2.0.2.tgz",
      "integrity": "sha512-Xf0nWe6RseziFMu+Ap9biiUbmplq6S9/p+7w7YXP/JBHhrUDDUhwa+vANyubuqfZWTveU//DYVGsDG7RKL/vEw==",
      "engines": {
        "node": ">=0.10.0"
      }
    },
    "node_modules/undici-types": {
      "version": "6.21.0",
      "resolved": "https://registry.npmjs.org/undici-types/-/undici-types-6.21.0.tgz",
      "integrity": "sha512-iwDZqg0QAGrg9Rav5H4n0M64c3mkR59cJ6wQp+7C4nI0gsmExaedaYLNO44eT4AtBBwjbTiGPMlt2Md0T9H9JQ=="
    },
    "node_modules/uuidv7": {
      "version": "1.2.1",
      "resolved": "https://registry.npmjs.org/uuidv7/-/uuidv7-1.2.1.tgz",
      "integrity": "sha512-4kPkK3/XTQW9Hbm4CaqfICn+kY9LJtDVEOfgsRRra/+n2Ofg4NqzRFceAkxvQ/Ud/6BpHOPzj8cirqM7TzTN5Q==",
      "bin": {
        "uuidv7": "cli.js"
      }
    }
  }
}
